{
    "_readme": [
        "This file locks the dependencies of your project to a known state",
        "Read more about it at http://getcomposer.org/doc/01-basic-usage.md#composer-lock-the-lock-file"
    ],
    "hash": "a079e07023e20db3f8a20c4b17435fa7",
    "packages": [
        {
            "name": "coolcsn/csn-acl-navigation",
            "version": "dev-master",
            "source": {
                "type": "git",
                "url": "https://github.com/coolcsn/CsnAclNavigation.git",
                "reference": "42d615dad66f4af6837f8e9ed0749b004655993f"
            },
            "dist": {
                "type": "zip",
                "url": "https://api.github.com/repos/coolcsn/CsnAclNavigation/zipball/42d615dad66f4af6837f8e9ed0749b004655993f",
                "reference": "42d615dad66f4af6837f8e9ed0749b004655993f",
                "shasum": ""
            },
            "require": {
                "doctrine/doctrine-orm-module": ">=0.7",
                "php": ">=5.3.3"
            },
            "type": "library",
            "autoload": {
                "psr-0": {
                    "CsnAclNavigation\\": "src/"
                }
            },
            "notification-url": "https://packagist.org/downloads/",
            "license": [
                "BSD-3-Clause"
            ],
            "authors": [
                {
                    "name": "Stoyan Cheresharov",
                    "email": "stoyancheresharov@gmail.com",
                    "homepage": "http://coolcsn.com/",
                    "role": "Developer"
                },
                {
                    "name": "Anton Tonev",
                    "email": "atonevbg@gmail.com",
                    "role": "Developer"
                }
            ],
            "description": "Zend Framework 2 Module for Navigation using Acl",
            "homepage": "https://github.com/coolcsn/CsnAclNavigation",
            "keywords": [
                "csn-acl-navigation",
                "zf2"
            ],
            "time": "2014-05-06 16:36:39"
        },
        {
            "name": "coolcsn/csn-authorization",
            "version": "dev-master",
            "source": {
                "type": "git",
                "url": "https://github.com/coolcsn/CsnAuthorization.git",
                "reference": "15277f3feaf53a6738219eb4831e21ad71955556"
            },
            "dist": {
                "type": "zip",
                "url": "https://api.github.com/repos/coolcsn/CsnAuthorization/zipball/15277f3feaf53a6738219eb4831e21ad71955556",
                "reference": "15277f3feaf53a6738219eb4831e21ad71955556",
                "shasum": ""
            },
            "require": {
                "doctrine/doctrine-orm-module": ">=0.7",
                "php": ">=5.3.3"
            },
            "type": "library",
            "autoload": {
                "psr-0": {
                    "CsnAuthorization\\": "src/"
                }
            },
            "notification-url": "https://packagist.org/downloads/",
            "license": [
                "BSD-3-Clause"
            ],
            "authors": [
                {
                    "name": "Stoyan Cheresharov",
                    "email": "stoyancheresharov@gmail.com",
                    "homepage": "http://coolcsn.com/",
                    "role": "Developer"
                },
                {
                    "name": "Stoyan Revov",
                    "email": "st.revov@gmail.com",
                    "role": "Developer"
                }
            ],
            "description": "Authorization based on DoctrineORMModule and ACL",
            "homepage": "https://github.com/coolcsn/CsnAuthorization",
            "keywords": [
                "csn-authorization",
                "doctrine",
                "doctrine-orm-module",
                "zf2"
            ],
            "time": "2014-05-06 16:31:59"
        },
        {
            "name": "coolcsn/csn-cms",
            "version": "dev-master",
            "source": {
                "type": "git",
                "url": "https://github.com/coolcsn/CsnCms.git",
                "reference": "fd2b163e292836b9f672400694a86f75225b725a"
            },
            "dist": {
                "type": "zip",
                "url": "https://api.github.com/repos/coolcsn/CsnCms/zipball/fd2b163e292836b9f672400694a86f75225b725a",
                "reference": "fd2b163e292836b9f672400694a86f75225b725a",
                "shasum": ""
            },
            "require": {
                "coolcsn/csn-authorization": "dev-master",
                "doctrine/doctrine-orm-module": ">=0.7",
                "php": ">=5.3.3"
            },
            "type": "library",
            "autoload": {
                "psr-0": {
                    "CsnCms\\": "src/"
                }
            },
            "notification-url": "https://packagist.org/downloads/",
            "license": [
                "BSD-3-Clause"
            ],
            "authors": [
                {
                    "name": "Stoyan Cheresharov",
                    "email": "stoyancheresharov@gmail.com",
                    "homepage": "http://coolcsn.com/",
                    "role": "Developer"
                },
                {
                    "name": "Stoyan Revov",
                    "email": "st.revov@gmail.com",
                    "role": "Developer"
                },
                {
                    "name": "Svetoslav Chonkov",
                    "email": "svetoslav.chonkov@gmail.com",
                    "role": "Developer"
                },
                {
                    "name": "Nikola Vasilev",
                    "email": "niko7vasilev@gmail.com",
                    "role": "Developer"
                },
                {
                    "name": "Stoyan Petkov",
                    "email": "spalienkata21@gmail.com",
                    "role": "Developer"
                }
            ],
            "description": "CMS based on DoctrineORMModule",
            "homepage": "https://github.com/coolcsn/CsnCms",
            "keywords": [
                "csn-cms",
                "doctrine",
                "doctrine-orm-module",
                "zf2"
            ],
            "time": "2014-01-20 18:03:05"
        },
        {
            "name": "coolcsn/csn-user",
            "version": "0.1.0",
            "source": {
                "type": "git",
                "url": "https://github.com/coolcsn/CsnUser.git",
                "reference": "f71d9b06a99d59c081fec340f17d59241eac009a"
            },
            "dist": {
                "type": "zip",
                "url": "https://api.github.com/repos/coolcsn/CsnUser/zipball/f71d9b06a99d59c081fec340f17d59241eac009a",
                "reference": "f71d9b06a99d59c081fec340f17d59241eac009a",
                "shasum": ""
            },
            "require": {
                "doctrine/doctrine-orm-module": ">=0.7",
                "php": ">=5.3.3"
            },
            "type": "library",
            "autoload": {
                "psr-0": {
                    "CsnUser\\": "src/"
                }
            },
            "notification-url": "https://packagist.org/downloads/",
            "license": [
                "BSD-3-Clause"
            ],
            "authors": [
                {
                    "name": "Stoyan Cheresharov",
                    "email": "stoyancheresharov@gmail.com",
                    "homepage": "http://coolcsn.com/",
                    "role": "Developer"
                },
                {
                    "name": "Stoyan Revov",
                    "email": "st.revov@gmail.com",
                    "role": "Developer"
                },
                {
                    "name": "Svetoslav Chonkov",
                    "email": "svetoslav.chonkov@gmail.com",
                    "role": "Developer"
                },
                {
                    "name": "Nikola Vasilev",
                    "email": "niko7vasilev@gmail.com",
                    "role": "Developer"
                }
            ],
            "description": "Authentication based on DoctrineORMModule",
            "homepage": "https://github.com/coolcsn/CsnUser",
            "keywords": [
                "csn-user",
                "doctrine",
                "doctrine-orm-module",
                "zf2"
            ],
            "time": "2013-10-07 18:37:17"
        },
        {
            "name": "doctrine/annotations",
            "version": "dev-master",
            "source": {
                "type": "git",
                "url": "https://github.com/doctrine/annotations.git",
                "reference": "b5202eb9e83f8db52e0e58867e0a46e63be8332e"
            },
            "dist": {
                "type": "zip",
                "url": "https://api.github.com/repos/doctrine/annotations/zipball/b5202eb9e83f8db52e0e58867e0a46e63be8332e",
                "reference": "b5202eb9e83f8db52e0e58867e0a46e63be8332e",
                "shasum": ""
            },
            "require": {
                "doctrine/lexer": "1.*",
                "php": ">=5.3.2"
            },
            "require-dev": {
                "doctrine/cache": "1.*",
                "phpunit/phpunit": "4.*"
            },
            "type": "library",
            "extra": {
                "branch-alias": {
                    "dev-master": "1.3.x-dev"
                }
            },
            "autoload": {
                "psr-0": {
                    "Doctrine\\Common\\Annotations\\": "lib/"
                }
            },
            "notification-url": "https://packagist.org/downloads/",
            "license": [
                "MIT"
            ],
            "authors": [
                {
                    "name": "Roman Borschel",
                    "email": "roman@code-factory.org"
                },
                {
                    "name": "Benjamin Eberlei",
                    "email": "kontakt@beberlei.de"
                },
                {
                    "name": "Guilherme Blanco",
                    "email": "guilhermeblanco@gmail.com"
                },
                {
                    "name": "Jonathan Wage",
                    "email": "jonwage@gmail.com"
                },
                {
                    "name": "Johannes Schmitt",
                    "email": "schmittjoh@gmail.com"
                }
            ],
            "description": "Docblock Annotations Parser",
            "homepage": "http://www.doctrine-project.org",
            "keywords": [
                "annotations",
                "docblock",
                "parser"
            ],
            "time": "2014-12-23 22:40:37"
        },
        {
            "name": "doctrine/cache",
            "version": "dev-master",
            "source": {
                "type": "git",
                "url": "https://github.com/doctrine/cache.git",
                "reference": "803a41469d948bc120a6c913399e8bfc8b5d9650"
            },
            "dist": {
                "type": "zip",
                "url": "https://api.github.com/repos/doctrine/cache/zipball/803a41469d948bc120a6c913399e8bfc8b5d9650",
                "reference": "803a41469d948bc120a6c913399e8bfc8b5d9650",
                "shasum": ""
            },
            "require": {
                "php": ">=5.3.2"
            },
            "conflict": {
                "doctrine/common": ">2.2,<2.4"
            },
            "require-dev": {
                "phpunit/phpunit": ">=3.7",
                "predis/predis": "~0.8",
                "satooshi/php-coveralls": "~0.6"
            },
            "type": "library",
            "extra": {
                "branch-alias": {
                    "dev-master": "1.4.x-dev"
                }
            },
            "autoload": {
                "psr-0": {
                    "Doctrine\\Common\\Cache\\": "lib/"
                }
            },
            "notification-url": "https://packagist.org/downloads/",
            "license": [
                "MIT"
            ],
            "authors": [
                {
                    "name": "Roman Borschel",
                    "email": "roman@code-factory.org"
                },
                {
                    "name": "Benjamin Eberlei",
                    "email": "kontakt@beberlei.de"
                },
                {
                    "name": "Guilherme Blanco",
                    "email": "guilhermeblanco@gmail.com"
                },
                {
                    "name": "Jonathan Wage",
                    "email": "jonwage@gmail.com"
                },
                {
                    "name": "Johannes Schmitt",
                    "email": "schmittjoh@gmail.com"
                }
            ],
            "description": "Caching library offering an object-oriented API for many cache backends",
            "homepage": "http://www.doctrine-project.org",
            "keywords": [
                "cache",
                "caching"
            ],
            "time": "2014-12-08 23:13:26"
        },
        {
            "name": "doctrine/collections",
            "version": "dev-master",
            "source": {
                "type": "git",
                "url": "https://github.com/doctrine/collections.git",
                "reference": "38ed66e6606309bec203a9df506ffa26d956d21d"
            },
            "dist": {
                "type": "zip",
                "url": "https://api.github.com/repos/doctrine/collections/zipball/38ed66e6606309bec203a9df506ffa26d956d21d",
                "reference": "38ed66e6606309bec203a9df506ffa26d956d21d",
                "shasum": ""
            },
            "require": {
                "php": ">=5.3.2"
            },
            "require-dev": {
                "phpunit/phpunit": "~4.0"
            },
            "type": "library",
            "extra": {
                "branch-alias": {
                    "dev-master": "1.2.x-dev"
                }
            },
            "autoload": {
                "psr-0": {
                    "Doctrine\\Common\\Collections\\": "lib/"
                }
            },
            "notification-url": "https://packagist.org/downloads/",
            "license": [
                "MIT"
            ],
            "authors": [
                {
                    "name": "Roman Borschel",
                    "email": "roman@code-factory.org"
                },
                {
                    "name": "Benjamin Eberlei",
                    "email": "kontakt@beberlei.de"
                },
                {
                    "name": "Guilherme Blanco",
                    "email": "guilhermeblanco@gmail.com"
                },
                {
                    "name": "Jonathan Wage",
                    "email": "jonwage@gmail.com"
                },
                {
                    "name": "Johannes Schmitt",
                    "email": "schmittjoh@gmail.com"
                }
            ],
            "description": "Collections Abstraction library",
            "homepage": "http://www.doctrine-project.org",
            "keywords": [
                "array",
                "collections",
                "iterator"
            ],
            "time": "2014-11-05 15:56:21"
        },
        {
            "name": "doctrine/common",
            "version": "dev-master",
            "source": {
                "type": "git",
                "url": "https://github.com/doctrine/common.git",
                "reference": "e946d100217927a4950e5f95c2da7730d0977105"
            },
            "dist": {
                "type": "zip",
                "url": "https://api.github.com/repos/doctrine/common/zipball/e946d100217927a4950e5f95c2da7730d0977105",
                "reference": "e946d100217927a4950e5f95c2da7730d0977105",
                "shasum": ""
            },
            "require": {
                "doctrine/annotations": "1.*",
                "doctrine/cache": "1.*",
                "doctrine/collections": "1.*",
                "doctrine/inflector": "1.*",
                "doctrine/lexer": "1.*",
                "php": ">=5.3.2"
            },
            "require-dev": {
                "phpunit/phpunit": "~3.7"
            },
            "type": "library",
            "extra": {
                "branch-alias": {
                    "dev-master": "2.5.x-dev"
                }
            },
            "autoload": {
                "psr-0": {
                    "Doctrine\\Common\\": "lib/"
                }
            },
            "notification-url": "https://packagist.org/downloads/",
            "license": [
                "MIT"
            ],
            "authors": [
                {
                    "name": "Roman Borschel",
                    "email": "roman@code-factory.org"
                },
                {
                    "name": "Benjamin Eberlei",
                    "email": "kontakt@beberlei.de"
                },
                {
                    "name": "Guilherme Blanco",
                    "email": "guilhermeblanco@gmail.com"
                },
                {
                    "name": "Jonathan Wage",
                    "email": "jonwage@gmail.com"
                },
                {
                    "name": "Johannes Schmitt",
                    "email": "schmittjoh@gmail.com"
                }
            ],
            "description": "Common Library for Doctrine projects",
            "homepage": "http://www.doctrine-project.org",
            "keywords": [
                "annotations",
                "collections",
                "eventmanager",
                "persistence",
                "spl"
            ],
            "time": "2014-12-26 16:04:31"
        },
        {
            "name": "doctrine/dbal",
            "version": "2.5.x-dev",
            "source": {
                "type": "git",
                "url": "https://github.com/doctrine/dbal.git",
                "reference": "167c4f42cbae8ca664e4a1917e1b3a122ed2f838"
            },
            "dist": {
                "type": "zip",
                "url": "https://api.github.com/repos/doctrine/dbal/zipball/167c4f42cbae8ca664e4a1917e1b3a122ed2f838",
                "reference": "167c4f42cbae8ca664e4a1917e1b3a122ed2f838",
                "shasum": ""
            },
            "require": {
                "doctrine/common": ">=2.4,<2.6-dev",
                "php": ">=5.3.2"
            },
            "require-dev": {
                "phpunit/phpunit": "4.*",
                "symfony/console": "2.*"
            },
            "suggest": {
                "symfony/console": "For helpful console commands such as SQL execution and import of files."
            },
            "bin": [
                "bin/doctrine-dbal"
            ],
            "type": "library",
            "extra": {
                "branch-alias": {
                    "dev-master": "2.5.x-dev"
                }
            },
            "autoload": {
                "psr-0": {
                    "Doctrine\\DBAL\\": "lib/"
                }
            },
            "notification-url": "https://packagist.org/downloads/",
            "license": [
                "MIT"
            ],
            "authors": [
                {
                    "name": "Roman Borschel",
                    "email": "roman@code-factory.org"
                },
                {
                    "name": "Benjamin Eberlei",
                    "email": "kontakt@beberlei.de"
                },
                {
                    "name": "Guilherme Blanco",
                    "email": "guilhermeblanco@gmail.com"
                },
                {
                    "name": "Jonathan Wage",
                    "email": "jonwage@gmail.com"
                }
            ],
            "description": "Database Abstraction Layer",
            "homepage": "http://www.doctrine-project.org",
            "keywords": [
                "database",
                "dbal",
                "persistence",
                "queryobject"
            ],
            "time": "2014-12-31 17:57:30"
        },
        {
            "name": "doctrine/doctrine-module",
            "version": "dev-master",
            "source": {
                "type": "git",
                "url": "https://github.com/doctrine/DoctrineModule.git",
                "reference": "cb47e9a376bd73a54f50f9b7cbc746ab74e087b0"
            },
            "dist": {
                "type": "zip",
                "url": "https://api.github.com/repos/doctrine/DoctrineModule/zipball/cb47e9a376bd73a54f50f9b7cbc746ab74e087b0",
                "reference": "cb47e9a376bd73a54f50f9b7cbc746ab74e087b0",
                "shasum": ""
            },
            "require": {
                "doctrine/common": ">=2.4,<2.6-dev",
                "php": ">=5.3.23",
                "symfony/console": "~2.3",
                "zendframework/zend-authentication": "~2.3",
                "zendframework/zend-cache": "~2.3",
                "zendframework/zend-mvc": "~2.3",
                "zendframework/zend-paginator": "~2.3",
                "zendframework/zend-servicemanager": "~2.3",
                "zendframework/zend-stdlib": "~2.3",
                "zendframework/zend-validator": "~2.3"
            },
            "require-dev": {
                "phpunit/phpunit": "~3.7",
                "squizlabs/php_codesniffer": "1.5.*",
                "zendframework/zendframework": "~2.3"
            },
            "suggest": {
                "doctrine/data-fixtures": "Data Fixtures if you want to generate test data or bootstrap data for your deployments"
            },
            "bin": [
                "bin/doctrine-module"
            ],
            "type": "library",
            "extra": {
                "branch-alias": {
                    "dev-master": "0.9.x-dev"
                }
            },
            "autoload": {
                "psr-0": {
                    "DoctrineModule\\": "src/"
                }
            },
            "notification-url": "https://packagist.org/downloads/",
            "license": [
                "MIT"
            ],
            "authors": [
                {
                    "name": "Kyle Spraggs",
                    "email": "theman@spiffyjr.me",
                    "homepage": "http://www.spiffyjr.me/"
                },
                {
                    "name": "Guilherme Blanco",
                    "email": "guilhermeblanco@hotmail.com"
                },
                {
                    "name": "Michaël Gallego",
                    "email": "mic.gallego@gmail.com",
                    "homepage": "http://www.michaelgallego.fr"
                },
                {
                    "name": "Marco Pivetta",
                    "email": "ocramius@gmail.com",
                    "homepage": "http://marco-pivetta.com/"
                }
            ],
            "description": "Zend Framework 2 Module that provides Doctrine basic functionality required for ORM and ODM modules",
            "homepage": "http://www.doctrine-project.org/",
            "keywords": [
                "doctrine",
                "module",
                "zf2"
            ],
            "time": "2014-12-24 18:09:52"
        },
        {
            "name": "doctrine/doctrine-orm-module",
            "version": "dev-master",
            "source": {
                "type": "git",
                "url": "https://github.com/doctrine/DoctrineORMModule.git",
                "reference": "e1855a64e8dfdd2b3f212855991b005faf3d2b33"
            },
            "dist": {
                "type": "zip",
                "url": "https://api.github.com/repos/doctrine/DoctrineORMModule/zipball/e1855a64e8dfdd2b3f212855991b005faf3d2b33",
                "reference": "e1855a64e8dfdd2b3f212855991b005faf3d2b33",
                "shasum": ""
            },
            "require": {
                "doctrine/dbal": ">=2.4,<2.6-dev",
                "doctrine/doctrine-module": "0.9.*",
                "doctrine/orm": ">=2.4,<2.6-dev",
                "php": ">=5.3.23",
                "symfony/console": "~2.5",
                "zendframework/zend-mvc": "~2.3",
                "zendframework/zend-servicemanager": "~2.3",
                "zendframework/zend-stdlib": "~2.3"
            },
            "require-dev": {
                "doctrine/data-fixtures": "1.0.*",
                "doctrine/migrations": "1.*",
                "phpunit/phpunit": "~3.7",
                "squizlabs/php_codesniffer": "1.5.*",
                "zendframework/zend-developer-tools": "*",
                "zendframework/zendframework": "~2.3"
            },
            "suggest": {
                "doctrine/migrations": "doctrine migrations if you want to keep your schema definitions versioned",
                "zendframework/zend-developer-tools": "zend-developer-tools if you want to profile operations executed by the ORM during development",
                "zendframework/zend-form": "if you want to use form elements backed by Doctrine"
            },
            "type": "library",
            "extra": {
                "branch-alias": {
                    "dev-master": "0.9.x-dev"
                }
            },
            "autoload": {
                "psr-0": {
                    "DoctrineORMModule\\": "src/"
                }
            },
            "notification-url": "https://packagist.org/downloads/",
            "license": [
                "MIT"
            ],
            "authors": [
                {
                    "name": "Kyle Spraggs",
                    "email": "theman@spiffyjr.me",
                    "homepage": "http://www.spiffyjr.me/"
                },
                {
                    "name": "Evan Coury",
                    "email": "me@evancoury.com",
                    "homepage": "http://blog.evan.pro/"
                },
                {
                    "name": "Guilherme Blanco",
                    "email": "guilhermeblanco@hotmail.com"
                },
                {
                    "name": "Marco Pivetta",
                    "email": "ocramius@gmail.com",
                    "homepage": "http://marco-pivetta.com/"
                }
            ],
            "description": "Zend Framework 2 Module that provides Doctrine ORM functionality",
            "homepage": "http://www.doctrine-project.org/",
            "keywords": [
                "doctrine",
                "module",
                "orm",
                "zf2"
            ],
            "time": "2014-12-10 19:57:07"
        },
        {
            "name": "doctrine/inflector",
            "version": "dev-master",
            "source": {
                "type": "git",
                "url": "https://github.com/doctrine/inflector.git",
                "reference": "0bcb2e79d8571787f18b7eb036ed3d004908e604"
            },
            "dist": {
                "type": "zip",
                "url": "https://api.github.com/repos/doctrine/inflector/zipball/0bcb2e79d8571787f18b7eb036ed3d004908e604",
                "reference": "0bcb2e79d8571787f18b7eb036ed3d004908e604",
                "shasum": ""
            },
            "require": {
                "php": ">=5.3.2"
            },
            "require-dev": {
                "phpunit/phpunit": "4.*"
            },
            "type": "library",
            "extra": {
                "branch-alias": {
                    "dev-master": "1.0.x-dev"
                }
            },
            "autoload": {
                "psr-0": {
                    "Doctrine\\Common\\Inflector\\": "lib/"
                }
            },
            "notification-url": "https://packagist.org/downloads/",
            "license": [
                "MIT"
            ],
            "authors": [
                {
                    "name": "Roman Borschel",
                    "email": "roman@code-factory.org"
                },
                {
                    "name": "Benjamin Eberlei",
                    "email": "kontakt@beberlei.de"
                },
                {
                    "name": "Guilherme Blanco",
                    "email": "guilhermeblanco@gmail.com"
                },
                {
                    "name": "Jonathan Wage",
                    "email": "jonwage@gmail.com"
                },
                {
                    "name": "Johannes Schmitt",
                    "email": "schmittjoh@gmail.com"
                }
            ],
            "description": "Common String Manipulations with regard to casing and singular/plural rules.",
            "homepage": "http://www.doctrine-project.org",
            "keywords": [
                "inflection",
                "pluralize",
                "singularize",
                "string"
            ],
            "time": "2014-12-20 21:24:13"
        },
        {
            "name": "doctrine/instantiator",
            "version": "dev-master",
            "source": {
                "type": "git",
                "url": "https://github.com/doctrine/instantiator.git",
                "reference": "40efa2d8c9e2948b29fdf5d782babaacb08d0c86"
            },
            "dist": {
                "type": "zip",
                "url": "https://api.github.com/repos/doctrine/instantiator/zipball/40efa2d8c9e2948b29fdf5d782babaacb08d0c86",
                "reference": "40efa2d8c9e2948b29fdf5d782babaacb08d0c86",
                "shasum": ""
            },
            "require": {
                "php": ">=5.3,<8.0-DEV"
            },
            "require-dev": {
                "athletic/athletic": "~0.1.8",
                "ext-pdo": "*",
                "ext-phar": "*",
                "phpunit/phpunit": "~4.0",
                "squizlabs/php_codesniffer": "~2.0"
            },
            "type": "library",
            "extra": {
                "branch-alias": {
                    "dev-master": "1.0.x-dev"
                }
            },
            "autoload": {
                "psr-4": {
                    "Doctrine\\Instantiator\\": "src/Doctrine/Instantiator/"
                }
            },
            "notification-url": "https://packagist.org/downloads/",
            "license": [
                "MIT"
            ],
            "authors": [
                {
                    "name": "Marco Pivetta",
                    "email": "ocramius@gmail.com",
                    "homepage": "http://ocramius.github.com/"
                }
            ],
            "description": "A small, lightweight utility to instantiate objects in PHP without invoking their constructors",
            "homepage": "https://github.com/doctrine/instantiator",
            "keywords": [
                "constructor",
                "instantiate"
            ],
            "time": "2014-12-12 16:47:07"
        },
        {
            "name": "doctrine/lexer",
            "version": "dev-master",
            "source": {
                "type": "git",
                "url": "https://github.com/doctrine/lexer.git",
                "reference": "83893c552fd2045dd78aef794c31e694c37c0b8c"
            },
            "dist": {
                "type": "zip",
                "url": "https://api.github.com/repos/doctrine/lexer/zipball/83893c552fd2045dd78aef794c31e694c37c0b8c",
                "reference": "83893c552fd2045dd78aef794c31e694c37c0b8c",
                "shasum": ""
            },
            "require": {
                "php": ">=5.3.2"
            },
            "type": "library",
            "extra": {
                "branch-alias": {
                    "dev-master": "1.0.x-dev"
                }
            },
            "autoload": {
                "psr-0": {
                    "Doctrine\\Common\\Lexer\\": "lib/"
                }
            },
            "notification-url": "https://packagist.org/downloads/",
            "license": [
                "MIT"
            ],
            "authors": [
                {
                    "name": "Roman Borschel",
                    "email": "roman@code-factory.org"
                },
                {
                    "name": "Guilherme Blanco",
                    "email": "guilhermeblanco@gmail.com"
                },
                {
                    "name": "Johannes Schmitt",
                    "email": "schmittjoh@gmail.com"
                }
            ],
            "description": "Base library for a lexer that can be used in Top-Down, Recursive Descent Parsers.",
            "homepage": "http://www.doctrine-project.org",
            "keywords": [
                "lexer",
                "parser"
            ],
            "time": "2014-09-09 13:34:57"
        },
        {
            "name": "doctrine/orm",
            "version": "dev-master",
            "source": {
                "type": "git",
                "url": "https://github.com/doctrine/doctrine2.git",
                "reference": "52376929795d7537f725409c1150d1b76ecc32a0"
            },
            "dist": {
                "type": "zip",
                "url": "https://api.github.com/repos/doctrine/doctrine2/zipball/52376929795d7537f725409c1150d1b76ecc32a0",
                "reference": "52376929795d7537f725409c1150d1b76ecc32a0",
                "shasum": ""
            },
            "require": {
                "doctrine/collections": "~1.2",
                "doctrine/dbal": ">=2.5-dev,<2.6-dev",
                "doctrine/instantiator": "~1.0.1",
                "ext-pdo": "*",
                "php": ">=5.3.2",
                "symfony/console": "~2.5"
            },
            "require-dev": {
                "phpunit/phpunit": "~4.0",
                "satooshi/php-coveralls": "dev-master",
                "symfony/yaml": "~2.1"
            },
            "suggest": {
                "symfony/yaml": "If you want to use YAML Metadata Mapping Driver"
            },
            "bin": [
                "bin/doctrine",
                "bin/doctrine.php"
            ],
            "type": "library",
            "extra": {
                "branch-alias": {
                    "dev-master": "2.5.x-dev"
                }
            },
            "autoload": {
                "psr-0": {
                    "Doctrine\\ORM\\": "lib/"
                }
            },
            "notification-url": "https://packagist.org/downloads/",
            "license": [
                "MIT"
            ],
            "authors": [
                {
                    "name": "Roman Borschel",
                    "email": "roman@code-factory.org"
                },
                {
                    "name": "Benjamin Eberlei",
                    "email": "kontakt@beberlei.de"
                },
                {
                    "name": "Guilherme Blanco",
                    "email": "guilhermeblanco@gmail.com"
                },
                {
                    "name": "Jonathan Wage",
                    "email": "jonwage@gmail.com"
                }
            ],
            "description": "Object-Relational-Mapper for PHP",
            "homepage": "http://www.doctrine-project.org",
            "keywords": [
                "database",
                "orm"
            ],
            "time": "2014-12-31 08:59:33"
        },
        {
            "name": "symfony/console",
            "version": "2.7.x-dev",
            "target-dir": "Symfony/Component/Console",
            "source": {
                "type": "git",
                "url": "https://github.com/symfony/Console.git",
                "reference": "1576b36b25204ae72d4c4577b985181cf3cd0a98"
            },
            "dist": {
                "type": "zip",
                "url": "https://api.github.com/repos/symfony/Console/zipball/1576b36b25204ae72d4c4577b985181cf3cd0a98",
                "reference": "1576b36b25204ae72d4c4577b985181cf3cd0a98",
                "shasum": ""
            },
            "require": {
                "php": ">=5.3.3"
            },
            "require-dev": {
                "psr/log": "~1.0",
                "symfony/event-dispatcher": "~2.1|~3.0.0",
                "symfony/process": "~2.1|~3.0.0"
            },
            "suggest": {
                "psr/log": "For using the console logger",
                "symfony/event-dispatcher": "",
                "symfony/process": ""
            },
            "type": "library",
            "extra": {
                "branch-alias": {
                    "dev-master": "2.7-dev"
                }
            },
            "autoload": {
                "psr-0": {
                    "Symfony\\Component\\Console\\": ""
                }
            },
            "notification-url": "https://packagist.org/downloads/",
            "license": [
                "MIT"
            ],
            "authors": [
                {
                    "name": "Symfony Community",
                    "homepage": "http://symfony.com/contributors"
                },
                {
                    "name": "Fabien Potencier",
                    "email": "fabien@symfony.com"
                }
            ],
            "description": "Symfony Console Component",
            "homepage": "http://symfony.com",
            "time": "2014-12-30 13:34:24"
        },
        {
            "name": "zendframework/zendframework",
            "version": "dev-master",
            "source": {
                "type": "git",
                "url": "https://github.com/zendframework/zf2.git",
                "reference": "8125b353c491eaded3647a80aeabbc44e87da41e"
            },
            "dist": {
                "type": "zip",
                "url": "https://api.github.com/repos/zendframework/zf2/zipball/8125b353c491eaded3647a80aeabbc44e87da41e",
                "reference": "8125b353c491eaded3647a80aeabbc44e87da41e",
                "shasum": ""
            },
            "require": {
                "php": ">=5.3.23",
                "zendframework/zendxml": "~1.0-dev"
            },
            "replace": {
                "zendframework/zend-authentication": "self.version",
                "zendframework/zend-barcode": "self.version",
                "zendframework/zend-cache": "self.version",
                "zendframework/zend-captcha": "self.version",
                "zendframework/zend-code": "self.version",
                "zendframework/zend-config": "self.version",
                "zendframework/zend-console": "self.version",
                "zendframework/zend-crypt": "self.version",
                "zendframework/zend-db": "self.version",
                "zendframework/zend-debug": "self.version",
                "zendframework/zend-di": "self.version",
                "zendframework/zend-dom": "self.version",
                "zendframework/zend-escaper": "self.version",
                "zendframework/zend-eventmanager": "self.version",
                "zendframework/zend-feed": "self.version",
                "zendframework/zend-file": "self.version",
                "zendframework/zend-filter": "self.version",
                "zendframework/zend-form": "self.version",
                "zendframework/zend-http": "self.version",
                "zendframework/zend-i18n": "self.version",
                "zendframework/zend-inputfilter": "self.version",
                "zendframework/zend-json": "self.version",
                "zendframework/zend-ldap": "self.version",
                "zendframework/zend-loader": "self.version",
                "zendframework/zend-log": "self.version",
                "zendframework/zend-mail": "self.version",
                "zendframework/zend-math": "self.version",
                "zendframework/zend-memory": "self.version",
                "zendframework/zend-mime": "self.version",
                "zendframework/zend-modulemanager": "self.version",
                "zendframework/zend-mvc": "self.version",
                "zendframework/zend-navigation": "self.version",
                "zendframework/zend-paginator": "self.version",
                "zendframework/zend-permissions-acl": "self.version",
                "zendframework/zend-permissions-rbac": "self.version",
                "zendframework/zend-progressbar": "self.version",
                "zendframework/zend-resources": "self.version",
                "zendframework/zend-serializer": "self.version",
                "zendframework/zend-server": "self.version",
                "zendframework/zend-servicemanager": "self.version",
                "zendframework/zend-session": "self.version",
                "zendframework/zend-soap": "self.version",
                "zendframework/zend-stdlib": "self.version",
                "zendframework/zend-tag": "self.version",
                "zendframework/zend-test": "self.version",
                "zendframework/zend-text": "self.version",
                "zendframework/zend-uri": "self.version",
                "zendframework/zend-validator": "self.version",
                "zendframework/zend-version": "self.version",
                "zendframework/zend-view": "self.version",
                "zendframework/zend-xmlrpc": "self.version"
            },
            "require-dev": {
                "doctrine/annotations": ">=1.0",
                "fabpot/php-cs-fixer": "1.*",
                "ircmaxell/random-lib": "dev-master",
                "ircmaxell/security-lib": "dev-master",
                "mikey179/vfsstream": "1.2.*",
                "phpunit/phpunit": "3.7.*",
                "satooshi/php-coveralls": "dev-master",
                "sebastianbergmann/phpcov": "1.1.0"
            },
            "suggest": {
                "doctrine/annotations": "Doctrine Annotations >=1.0 for annotation features",
                "ext-intl": "ext/intl for i18n features (included in default builds of PHP)",
                "ircmaxell/random-lib": "Fallback random byte generator for Zend\\Math\\Rand if OpenSSL/Mcrypt extensions are unavailable",
                "ocramius/proxy-manager": "ProxyManager 0.5.* to handle lazy initialization of services",
                "zendframework/zendpdf": "ZendPdf for creating PDF representations of barcodes",
                "zendframework/zendservice-recaptcha": "ZendService\\ReCaptcha for rendering ReCaptchas in Zend\\Captcha and/or Zend\\Form"
            },
            "bin": [
                "bin/classmap_generator.php",
                "bin/pluginmap_generator.php",
                "bin/templatemap_generator.php"
            ],
            "type": "library",
            "extra": {
                "branch-alias": {
                    "dev-master": "2.3-dev",
                    "dev-develop": "2.4-dev"
                }
            },
            "autoload": {
                "psr-0": {
                    "Zend\\": "library/"
                }
            },
            "notification-url": "https://packagist.org/downloads/",
            "license": [
                "BSD-3-Clause"
            ],
            "description": "Zend Framework 2",
            "homepage": "http://framework.zend.com/",
            "keywords": [
                "framework",
                "zf2"
            ],
            "time": "2015-01-01 15:32:37"
        },
        {
            "name": "zendframework/zendxml",
            "version": "dev-master",
            "source": {
                "type": "git",
                "url": "https://github.com/zendframework/ZendXml.git",
                "reference": "1c8d4b424824d605b203a33729bbb3a3f7c4616b"
            },
            "dist": {
                "type": "zip",
                "url": "https://api.github.com/repos/zendframework/ZendXml/zipball/1c8d4b424824d605b203a33729bbb3a3f7c4616b",
                "reference": "1c8d4b424824d605b203a33729bbb3a3f7c4616b",
                "shasum": ""
            },
            "require": {
                "php": ">=5.3.3"
            },
            "require-dev": {
                "phpunit/phpunit": "~3.7",
                "squizlabs/php_codesniffer": "~1.5"
            },
            "type": "library",
            "extra": {
                "branch-alias": {
                    "dev-master": "1.0-dev"
                }
            },
            "autoload": {
                "psr-0": {
                    "ZendXml\\": "library/"
                }
            },
            "notification-url": "https://packagist.org/downloads/",
            "license": [
                "BSD-3-Clause"
            ],
            "description": "Utility library for XML usage, best practices, and security in PHP",
            "homepage": "http://packages.zendframework.com/",
            "keywords": [
                "security",
                "xml",
                "zf2"
            ],
            "time": "2014-11-22 20:27:31"
        }
    ],
    "packages-dev": [

    ],
    "aliases": [

    ],
    "minimum-stability": "dev",
    "stability-flags": {
        "coolcsn/csn-authorization": 20,
        "coolcsn/csn-acl-navigation": 20,
        "coolcsn/csn-cms": 20
    },
    "platform": {
        "php": ">=5.3.3"
    },
    "platform-dev": [

    ]
}
